// !$*UTF8*$!
{
	archiveVersion = 1;
	classes = {
	};
	objectVersion = 46;
	objects = {

/* Begin PBXBuildFile section */
		11443F721C89ABEE00B52E15 /* AppDelegate.swift in Sources */ = {isa = PBXBuildFile; fileRef = 11443F711C89ABEE00B52E15 /* AppDelegate.swift */; };
		11443F741C89ABEE00B52E15 /* ViewController.swift in Sources */ = {isa = PBXBuildFile; fileRef = 11443F731C89ABEE00B52E15 /* ViewController.swift */; };
		11443F771C89ABEE00B52E15 /* Main.storyboard in Resources */ = {isa = PBXBuildFile; fileRef = 11443F751C89ABEE00B52E15 /* Main.storyboard */; };
		11443F791C89ABEE00B52E15 /* Assets.xcassets in Resources */ = {isa = PBXBuildFile; fileRef = 11443F781C89ABEE00B52E15 /* Assets.xcassets */; };
		11443F7C1C89ABEE00B52E15 /* LaunchScreen.storyboard in Resources */ = {isa = PBXBuildFile; fileRef = 11443F7A1C89ABEE00B52E15 /* LaunchScreen.storyboard */; };
/* End PBXBuildFile section */

/* Begin PBXFileReference section */
		11443F6E1C89ABEE00B52E15 /* sizing-it-up.app */ = {isa = PBXFileReference; explicitFileType = wrapper.application; includeInIndex = 0; path = "sizing-it-up.app"; sourceTree = BUILT_PRODUCTS_DIR; };
		11443F711C89ABEE00B52E15 /* AppDelegate.swift */ = {isa = PBXFileReference; lastKnownFileType = sourcecode.swift; path = AppDelegate.swift; sourceTree = "<group>"; };
		11443F731C89ABEE00B52E15 /* ViewController.swift */ = {isa = PBXFileReference; lastKnownFileType = sourcecode.swift; path = ViewController.swift; sourceTree = "<group>"; };
		11443F761C89ABEE00B52E15 /* Base */ = {isa = PBXFileReference; lastKnownFileType = file.storyboard; name = Base; path = Base.lproj/Main.storyboard; sourceTree = "<group>"; };
		11443F781C89ABEE00B52E15 /* Assets.xcassets */ = {isa = PBXFileReference; lastKnownFileType = folder.assetcatalog; path = Assets.xcassets; sourceTree = "<group>"; };
		11443F7B1C89ABEE00B52E15 /* Base */ = {isa = PBXFileReference; lastKnownFileType = file.storyboard; name = Base; path = Base.lproj/LaunchScreen.storyboard; sourceTree = "<group>"; };
		11443F7D1C89ABEE00B52E15 /* Info.plist */ = {isa = PBXFileReference; lastKnownFileType = text.plist.xml; path = Info.plist; sourceTree = "<group>"; };
/* End PBXFileReference section */

/* Begin PBXFrameworksBuildPhase section */
		11443F6B1C89ABEE00B52E15 /* Frameworks */ = {
			isa = PBXFrameworksBuildPhase;
			buildActionMask = 2147483647;
			files = (
			);
			runOnlyForDeploymentPostprocessing = 0;
		};
/* End PBXFrameworksBuildPhase section */

/* Begin PBXGroup section */
		11443F651C89ABEE00B52E15 = {
			isa = PBXGroup;
			children = (
				11443F701C89ABEE00B52E15 /* sizing-it-up */,
				11443F6F1C89ABEE00B52E15 /* Products */,
			);
			sourceTree = "<group>";
		};
		11443F6F1C89ABEE00B52E15 /* Products */ = {
			isa = PBXGroup;
			children = (
				11443F6E1C89ABEE00B52E15 /* sizing-it-up.app */,
			);
			name = Products;
			sourceTree = "<group>";
		};
		11443F701C89ABEE00B52E15 /* sizing-it-up */ = {
			isa = PBXGroup;
			children = (
				11443F711C89ABEE00B52E15 /* AppDelegate.swift */,
				11443F731C89ABEE00B52E15 /* ViewController.swift */,
				11443F751C89ABEE00B52E15 /* Main.storyboard */,
				11443F781C89ABEE00B52E15 /* Assets.xcassets */,
				11443F7A1C89ABEE00B52E15 /* LaunchScreen.storyboard */,
				11443F7D1C89ABEE00B52E15 /* Info.plist */,
			);
			path = "sizing-it-up";
			sourceTree = "<group>";
		};
/* End PBXGroup section */

/* Begin PBXNativeTarget section */
		11443F6D1C89ABEE00B52E15 /* sizing-it-up */ = {
			isa = PBXNativeTarget;
			buildConfigurationList = 11443F801C89ABEE00B52E15 /* Build configuration list for PBXNativeTarget "sizing-it-up" */;
			buildPhases = (
				11443F6A1C89ABEE00B52E15 /* Sources */,
				11443F6B1C89ABEE00B52E15 /* Frameworks */,
				11443F6C1C89ABEE00B52E15 /* Resources */,
			);
			buildRules = (
			);
			dependencies = (
			);
			name = "sizing-it-up";
			productName = "sizing-it-up";
			productReference = 11443F6E1C89ABEE00B52E15 /* sizing-it-up.app */;
			productType = "com.apple.product-type.application";
		};
/* End PBXNativeTarget section */

/* Begin PBXProject section */
		11443F661C89ABEE00B52E15 /* Project object */ = {
			isa = PBXProject;
			attributes = {
				LastSwiftUpdateCheck = 0720;
				LastUpgradeCheck = 0720;
				ORGANIZATIONNAME = "Vyacheslav Horbach";
				TargetAttributes = {
					11443F6D1C89ABEE00B52E15 = {
						CreatedOnToolsVersion = 7.2;
						DevelopmentTeam = HJKK55TVH2;
					};
				};
			};
			buildConfigurationList = 11443F691C89ABEE00B52E15 /* Build configuration list for PBXProject "sizing-it-up" */;
			compatibilityVersion = "Xcode 3.2";
			developmentRegion = English;
			hasScannedForEncodings = 0;
			knownRegions = (
				en,
				Base,
			);
			mainGroup = 11443F651C89ABEE00B52E15;
			productRefGroup = 11443F6F1C89ABEE00B52E15 /* Products */;
			projectDirPath = "";
			projectRoot = "";
			targets = (
				11443F6D1C89ABEE00B52E15 /* sizing-it-up */,
			);
		};
/* End PBXProject section */

/* Begin PBXResourcesBuildPhase section */
		11443F6C1C89ABEE00B52E15 /* Resources */ = {
			isa = PBXResourcesBuildPhase;
			buildActionMask = 2147483647;
			files = (
				11443F7C1C89ABEE00B52E15 /* LaunchScreen.storyboard in Resources */,
				11443F791C89ABEE00B52E15 /* Assets.xcassets in Resources */,
				11443F771C89ABEE00B52E15 /* Main.storyboard in Resources */,
			);
			runOnlyForDeploymentPostprocessing = 0;
		};
/* End PBXResourcesBuildPhase section */

/* Begin PBXSourcesBuildPhase section */
		11443F6A1C89ABEE00B52E15 /* Sources */ = {
			isa = PBXSourcesBuildPhase;
			buildActionMask = 2147483647;
			files = (
				11443F741C89ABEE00B52E15 /* ViewController.swift in Sources */,
				11443F721C89ABEE00B52E15 /* AppDelegate.swift in Sources */,
			);
			runOnlyForDeploymentPostprocessing = 0;
		};
/* End PBXSourcesBuildPhase section */

/* Begin PBXVariantGroup section */
		11443F751C89ABEE00B52E15 /* Main.storyboard */ = {
			isa = PBXVariantGroup;
			children = (
				11443F761C89ABEE00B52E15 /* Base */,
			);
			name = Main.storyboard;
			sourceTree = "<group>";
		};
		11443F7A1C89ABEE00B52E15 /* LaunchScreen.storyboard */ = {
			isa = PBXVariantGroup;
			children = (
				11443F7B1C89ABEE00B52E15 /* Base */,
			);
			name = LaunchScreen.storyboard;
			sourceTree = "<group>";
		};
/* End PBXVariantGroup section */

/* Begin XCBuildConfiguration section */
		11443F7E1C89ABEE00B52E15 /* Debug */ = {
			isa = XCBuildConfiguration;
			buildSettings = {
				ALWAYS_SEARCH_USER_PATHS = NO;
				CLANG_CXX_LANGUAGE_STANDARD = "gnu++0x";
				CLANG_CXX_LIBRARY = "libc++";
				CLANG_ENABLE_MODULES = YES;
				CLANG_ENABLE_OBJC_ARC = YES;
				CLANG_WARN_BOOL_CONVERSION = YES;
				CLANG_WARN_CONSTANT_CONVERSION = YES;
				CLANG_WARN_DIRECT_OBJC_ISA_USAGE = YES_ERROR;
				CLANG_WARN_EMPTY_BODY = YES;
				CLANG_WARN_ENUM_CONVERSION = YES;
				CLANG_WARN_INT_CONVERSION = YES;
				CLANG_WARN_OBJC_ROOT_CLASS = YES_ERROR;
				CLANG_WARN_UNREACHABLE_CODE = YES;
				CLANG_WARN__DUPLICATE_METHOD_MATCH = YES;
				"CODE_SIGN_IDENTITY[sdk=iphoneos*]" = "iPhone Developer";
				COPY_PHASE_STRIP = NO;
				DEBUG_INFORMATION_FORMAT = dwarf;
				ENABLE_STRICT_OBJC_MSGSEND = YES;
				ENABLE_TESTABILITY = YES;
				GCC_C_LANGUAGE_STANDARD = gnu99;
				GCC_DYNAMIC_NO_PIC = NO;
				GCC_NO_COMMON_BLOCKS = YES;
				GCC_OPTIMIZATION_LEVEL = 0;
				GCC_PREPROCESSOR_DEFINITIONS = (
					"DEBUG=1",
					"$(inherited)",
				);
				GCC_WARN_64_TO_32_BIT_CONVERSION = YES;
				GCC_WARN_ABOUT_RETURN_TYPE = YES_ERROR;
				GCC_WARN_UNDECLARED_SELECTOR = YES;
				GCC_WARN_UNINITIALIZED_AUTOS = YES_AGGRESSIVE;
				GCC_WARN_UNUSED_FUNCTION = YES;
				GCC_WARN_UNUSED_VARIABLE = YES;
				IPHONEOS_DEPLOYMENT_TARGET = 9.2;
				MTL_ENABLE_DEBUG_INFO = YES;
				ONLY_ACTIVE_ARCH = YES;
				SDKROOT = iphoneos;
				SWIFT_OPTIMIZATION_LEVEL = "-Onone";
				TARGETED_DEVICE_FAMILY = "1,2";
			};
			name = Debug;
		};
		11443F7F1C89ABEE00B52E15 /* Release */ = {
			isa = XCBuildConfiguration;
			buildSettings = {
				ALWAYS_SEARCH_USER_PATHS = NO;
				CLANG_CXX_LANGUAGE_STANDARD = "gnu++0x";
				CLANG_CXX_LIBRARY = "libc++";
				CLANG_ENABLE_MODULES = YES;
				CLANG_ENABLE_OBJC_ARC = YES;
				CLANG_WARN_BOOL_CONVERSION = YES;
				CLANG_WARN_CONSTANT_CONVERSION = YES;
				CLANG_WARN_DIRECT_OBJC_ISA_USAGE = YES_ERROR;
				CLANG_WARN_EMPTY_BODY = YES;
				CLANG_WARN_ENUM_CONVERSION = YES;
				CLANG_WARN_INT_CONVERSION = YES;
				CLANG_WARN_OBJC_ROOT_CLASS = YES_ERROR;
				CLANG_WARN_UNREACHABLE_CODE = YES;
				CLANG_WARN__DUPLICATE_METHOD_MATCH = YES;
				"CODE_SIGN_IDENTITY[sdk=iphoneos*]" = "iPhone Developer";
				COPY_PHASE_STRIP = NO;
				DEBUG_INFORMATION_FORMAT = "dwarf-with-dsym";
				ENABLE_NS_ASSERTIONS = NO;
				ENABLE_STRICT_OBJC_MSGSEND = YES;
				GCC_C_LANGUAGE_STANDARD = gnu99;
				GCC_NO_COMMON_BLOCKS = YES;
				GCC_WARN_64_TO_32_BIT_CONVERSION = YES;
				GCC_WARN_ABOUT_RETURN_TYPE = YES_ERROR;
				GCC_WARN_UNDECLARED_SELECTOR = YES;
				GCC_WARN_UNINITIALIZED_AUTOS = YES_AGGRESSIVE;
				GCC_WARN_UNUSED_FUNCTION = YES;
				GCC_WARN_UNUSED_VARIABLE = YES;
				IPHONEOS_DEPLOYMENT_TARGET = 9.2;
				MTL_ENABLE_DEBUG_INFO = NO;
				SDKROOT = iphoneos;
				TARGETED_DEVICE_FAMILY = "1,2";
				VALIDATE_PRODUCT = YES;
			};
			name = Release;
		};
		11443F811C89ABEE00B52E15 /* Debug */ = {
			isa = XCBuildConfiguration;
			buildSettings = {
				ASSETCATALOG_COMPILER_APPICON_NAME = AppIcon;
				INFOPLIST_FILE = "sizing-it-up/Info.plist";
				LD_RUNPATH_SEARCH_PATHS = "$(inherited) @executable_path/Frameworks";
				PRODUCT_BUNDLE_IDENTIFIER = "com.VyacheslavHorbach.sizing-it-up";
				PRODUCT_NAME = "$(TARGET_NAME)";
			};
			name = Debug;
		};
		11443F821C89ABEE00B52E15 /* Release */ = {
			isa = XCBuildConfiguration;
			buildSettings = {
				ASSETCATALOG_COMPILER_APPICON_NAME = AppIcon;
				INFOPLIST_FILE = "sizing-it-up/Info.plist";
				LD_RUNPATH_SEARCH_PATHS = "$(inherited) @executable_path/Frameworks";
				PRODUCT_BUNDLE_IDENTIFIER = "com.VyacheslavHorbach.sizing-it-up";
				PRODUCT_NAME = "$(TARGET_NAME)";
			};
			name = Release;
		};
/* End XCBuildConfiguration section */

/* Begin XCConfigurationList section */
		11443F691C89ABEE00B52E15 /* Build configuration list for PBXProject "sizing-it-up" */ = {
			isa = XCConfigurationList;
			buildConfigurations = (
				11443F7E1C89ABEE00B52E15 /* Debug */,
				11443F7F1C89ABEE00B52E15 /* Release */,
			);
			defaultConfigurationIsVisible = 0;
			defaultConfigurationName = Release;
		};
		11443F801C89ABEE00B52E15 /* Build configuration list for PBXNativeTarget "sizing-it-up" */ = {
			isa = XCConfigurationList;
			buildConfigurations = (
				11443F811C89ABEE00B52E15 /* Debug */,
				11443F821C89ABEE00B52E15 /* Release */,
			);
			defaultConfigurationIsVisible = 0;
		};
/* End XCConfigurationList section */
	};
	rootObject = 11443F661C89ABEE00B52E15 /* Project object */;
}
